schema: '2.0'
stages:
  preprocess:
    cmd: python .\src\preprocess.py
    deps:
    - path: data/data.csv
      hash: md5
      md5: ab21f2524241ed14b321bcaf40c8b86e
      size: 35921
    outs:
    - path: data/clean_data.csv
      hash: md5
      md5: 2f1517b2bcbb7b5cf15335fe45b7b82e
      size: 37980
  transform:
    cmd: python .\src\transform.py params.yaml
    deps:
    - path: data/clean_data.csv
      hash: md5
      md5: 2f1517b2bcbb7b5cf15335fe45b7b82e
      size: 37980
    - path: params.yaml
      hash: md5
      md5: 19e87eb6694de5fe891e5a3b943169b5
      size: 478
    outs:
    - path: data/transformed_data.csv
      hash: md5
      md5: 68025d52be5c7229debdbfb88f602932
      size: 82471
  featureEngineer:
    cmd: python .\src\feature_engineer.py params.yaml
    deps:
    - path: data/transformed_data.csv
      hash: md5
      md5: 68025d52be5c7229debdbfb88f602932
      size: 82471
    - path: params.yaml
      hash: md5
      md5: 19e87eb6694de5fe891e5a3b943169b5
      size: 478
    outs:
    - path: data/top_features.csv
      hash: md5
      md5: 1790751035f62e1003ac4b1e93d54580
      size: 321
  hiperparameters:
    cmd: python .\src\hiperparameters.py params.yaml
    deps:
    - path: data/top_features.csv
      hash: md5
      md5: 1790751035f62e1003ac4b1e93d54580
      size: 321
    - path: params.yaml
      hash: md5
      md5: 88c23f6decadf424a6583062e69b401f
      size: 671
  train:
    cmd: python .\src\train.py params.yaml
    deps:
    - path: data/top_features.csv
      hash: md5
      md5: 1790751035f62e1003ac4b1e93d54580
      size: 321
    - path: params.yaml
      hash: md5
      md5: 88c23f6decadf424a6583062e69b401f
      size: 671
    outs:
    - path: data/models.csv
      hash: md5
      md5: ff7ce7565167ea387896e12693496a9a
      size: 79
  evaluate:
    cmd: python .\src\evaluate.py evaluation_metrics.json params.yaml
    deps:
    - path: data/models.csv
      hash: md5
      md5: ff7ce7565167ea387896e12693496a9a
      size: 79
    - path: data/top_features.csv
      hash: md5
      md5: 1790751035f62e1003ac4b1e93d54580
      size: 321
    - path: params.yaml
      hash: md5
      md5: a853564a88dd02c7adb0581095994e9c
      size: 673
    outs:
    - path: data/results.csv
      hash: md5
      md5: 6aec2b7968438ffd0c915f2d1ed28751
      size: 176
    - path: evaluation_metrics.json
      hash: md5
      md5: c13bcd696d62d684136c45b93e08f5a9
      size: 380
